{
  "name": "jko-data-oracle",
  "version": "1.0.0",
  "lockfileVersion": 3,
  "requires": true,
  "packages": {
    "": {
      "name": "jko-data-oracle",
      "version": "1.0.0",
      "license": "MIT",
      "dependencies": {
        "@faker-js/faker": "^8.3.1",
        "csv-stringify": "^6.4.4",
        "minimist": "^1.2.8",
        "uuid": "^9.0.1"
      },
      "devDependencies": {},
      "engines": {
        "node": ">=18.0.0"
      }
    },
    "node_modules/@faker-js/faker": {
      "version": "8.4.1",
      "resolved": "https://registry.npmjs.org/@faker-js/faker/-/faker-8.4.1.tgz",
      "integrity": "sha512-XQ3cU+Q8Uqmrbf2e0cIC/QN43sTBSC8KF12u29Mb47tWrt2hAgBXSgpZMj4Ao8Uk0iJcU99QsOCaIL8934obCg==",
      "funding": [
        {
          "type": "opencollective",
          "url": "https://opencollective.com/fakerjs"
        }
      ],
      "license": "MIT",
      "engines": {
        "node": "^14.17.0 || ^16.13.0 || >=18.0.0",
        "npm": ">=6.14.13"
      }
    },
    "node_modules/csv-stringify": {
      "version": "6.6.0",
      "resolved": "https://registry.npmjs.org/csv-stringify/-/csv-stringify-6.6.0.tgz",
      "integrity": "sha512-YW32lKOmIBgbxtu3g5SaiqWNwa/9ISQt2EcgOq0+RAIFufFp9is6tqNnKahqE5kuKvrnYAzs28r+s6pXJR8Vcw==",
      "license": "MIT"
    },
    "node_modules/minimist": {
      "version": "1.2.8",
      "resolved": "https://registry.npmjs.org/minimist/-/minimist-1.2.8.tgz",
      "integrity": "sha512-2yyAR8qBkN3YuheJanUpWC5U3bb5osDywNB8RzDVlDwDHbocAJveqqj1u8+SVD7jkWT4yvsHCpWqqWqAxb0zCA==",
      "license": "MIT",
      "funding": {
        "url": "https://github.com/sponsors/ljharb"
      }
    },
    "node_modules/uuid": {
      "version": "9.0.1",
      "resolved": "https://registry.npmjs.org/uuid/-/uuid-9.0.1.tgz",
      "integrity": "sha512-b+1eJOlsR9K8HJpow9Ok3fiWOWSIcIzXodvv0rQjVoOVNpWMpxf1wZNpt4y9h10odCNrqnYp1OBzRktckBe3sA==",
      "funding": [
        "https://github.com/sponsors/broofa",
        "https://github.com/sponsors/ctavan"
      ],
      "license": "MIT",
      "bin": {
        "uuid": "dist/bin/uuid"
      }
    }
  }
}
